// !$*UTF8*$!
{
	archiveVersion = 1;
	classes = {
	};
	objectVersion = 77;
	objects = {

/* Begin PBXBuildFile section */
		B5ADF1672DC79E6F00CEADED /* SfDistantGalaxy-0l3d.ttf in Resources */ = {isa = PBXBuildFile; fileRef = B5ADF1532DC79E6F00CEADED /* SfDistantGalaxy-0l3d.ttf */; };
		B5ADF1682DC79E6F00CEADED /* SfDistantGalaxyAlternate-OE4d.ttf in Resources */ = {isa = PBXBuildFile; fileRef = B5ADF1542DC79E6F00CEADED /* SfDistantGalaxyAlternate-OE4d.ttf */; };
		B5ADF1692DC79E6F00CEADED /* SfDistantGalaxyAlternateItalic-3RDM.ttf in Resources */ = {isa = PBXBuildFile; fileRef = B5ADF1552DC79E6F00CEADED /* SfDistantGalaxyAlternateItalic-3RDM.ttf */; };
		B5ADF16A2DC79E6F00CEADED /* SfDistantGalaxyAltoutline-e2Bp.ttf in Resources */ = {isa = PBXBuildFile; fileRef = B5ADF1562DC79E6F00CEADED /* SfDistantGalaxyAltoutline-e2Bp.ttf */; };
		B5ADF16B2DC79E6F00CEADED /* SfDistantGalaxyAltoutlineItalic-ZJDZ.ttf in Resources */ = {isa = PBXBuildFile; fileRef = B5ADF1572DC79E6F00CEADED /* SfDistantGalaxyAltoutlineItalic-ZJDZ.ttf */; };
		B5ADF16C2DC79E6F00CEADED /* SfDistantGalaxyItalic-WV3Y.ttf in Resources */ = {isa = PBXBuildFile; fileRef = B5ADF1582DC79E6F00CEADED /* SfDistantGalaxyItalic-WV3Y.ttf */; };
		B5ADF16D2DC79E6F00CEADED /* SfDistantGalaxyOutline-xoeO.ttf in Resources */ = {isa = PBXBuildFile; fileRef = B5ADF1592DC79E6F00CEADED /* SfDistantGalaxyOutline-xoeO.ttf */; };
		B5ADF16E2DC79E6F00CEADED /* SfDistantGalaxyOutlineItalic-4yA4.ttf in Resources */ = {isa = PBXBuildFile; fileRef = B5ADF15A2DC79E6F00CEADED /* SfDistantGalaxyOutlineItalic-4yA4.ttf */; };
		B5ADF16F2DC79E6F00CEADED /* Preview Assets.xcassets in Resources */ = {isa = PBXBuildFile; fileRef = B5ADF15C2DC79E6F00CEADED /* Preview Assets.xcassets */; };
		B5ADF1702DC79E6F00CEADED /* Assets.xcassets in Resources */ = {isa = PBXBuildFile; fileRef = B5ADF1602DC79E6F00CEADED /* Assets.xcassets */; };
		B5ADF1722DC79E6F00CEADED /* Font-Extension.swift in Sources */ = {isa = PBXBuildFile; fileRef = B5ADF1512DC79E6F00CEADED /* Font-Extension.swift */; };
		B5ADF1742DC79E6F00CEADED /* ContentView.swift in Sources */ = {isa = PBXBuildFile; fileRef = B5ADF1612DC79E6F00CEADED /* ContentView.swift */; };
		B5ADF1752DC79E6F00CEADED /* SwiftUIAnimationBootcampApp.swift in Sources */ = {isa = PBXBuildFile; fileRef = B5ADF1652DC79E6F00CEADED /* SwiftUIAnimationBootcampApp.swift */; };
		B5ADF1772DC7A03200CEADED /* StarwarsAnimationView.swift in Sources */ = {isa = PBXBuildFile; fileRef = B5ADF1762DC7A03200CEADED /* StarwarsAnimationView.swift */; };
/* End PBXBuildFile section */

/* Begin PBXFileReference section */
		B5922CD52DBE4F6D00E3A360 /* SwiftUIAnimationBootcamp.app */ = {isa = PBXFileReference; explicitFileType = wrapper.application; includeInIndex = 0; path = SwiftUIAnimationBootcamp.app; sourceTree = BUILT_PRODUCTS_DIR; };
		B5ADF1512DC79E6F00CEADED /* Font-Extension.swift */ = {isa = PBXFileReference; lastKnownFileType = sourcecode.swift; path = "Font-Extension.swift"; sourceTree = "<group>"; };
		B5ADF1532DC79E6F00CEADED /* SfDistantGalaxy-0l3d.ttf */ = {isa = PBXFileReference; lastKnownFileType = file; path = "SfDistantGalaxy-0l3d.ttf"; sourceTree = "<group>"; };
		B5ADF1542DC79E6F00CEADED /* SfDistantGalaxyAlternate-OE4d.ttf */ = {isa = PBXFileReference; lastKnownFileType = file; path = "SfDistantGalaxyAlternate-OE4d.ttf"; sourceTree = "<group>"; };
		B5ADF1552DC79E6F00CEADED /* SfDistantGalaxyAlternateItalic-3RDM.ttf */ = {isa = PBXFileReference; lastKnownFileType = file; path = "SfDistantGalaxyAlternateItalic-3RDM.ttf"; sourceTree = "<group>"; };
		B5ADF1562DC79E6F00CEADED /* SfDistantGalaxyAltoutline-e2Bp.ttf */ = {isa = PBXFileReference; lastKnownFileType = file; path = "SfDistantGalaxyAltoutline-e2Bp.ttf"; sourceTree = "<group>"; };
		B5ADF1572DC79E6F00CEADED /* SfDistantGalaxyAltoutlineItalic-ZJDZ.ttf */ = {isa = PBXFileReference; lastKnownFileType = file; path = "SfDistantGalaxyAltoutlineItalic-ZJDZ.ttf"; sourceTree = "<group>"; };
		B5ADF1582DC79E6F00CEADED /* SfDistantGalaxyItalic-WV3Y.ttf */ = {isa = PBXFileReference; lastKnownFileType = file; path = "SfDistantGalaxyItalic-WV3Y.ttf"; sourceTree = "<group>"; };
		B5ADF1592DC79E6F00CEADED /* SfDistantGalaxyOutline-xoeO.ttf */ = {isa = PBXFileReference; lastKnownFileType = file; path = "SfDistantGalaxyOutline-xoeO.ttf"; sourceTree = "<group>"; };
		B5ADF15A2DC79E6F00CEADED /* SfDistantGalaxyOutlineItalic-4yA4.ttf */ = {isa = PBXFileReference; lastKnownFileType = file; path = "SfDistantGalaxyOutlineItalic-4yA4.ttf"; sourceTree = "<group>"; };
		B5ADF15C2DC79E6F00CEADED /* Preview Assets.xcassets */ = {isa = PBXFileReference; lastKnownFileType = folder.assetcatalog; path = "Preview Assets.xcassets"; sourceTree = "<group>"; };
		B5ADF1602DC79E6F00CEADED /* Assets.xcassets */ = {isa = PBXFileReference; lastKnownFileType = folder.assetcatalog; path = Assets.xcassets; sourceTree = "<group>"; };
		B5ADF1612DC79E6F00CEADED /* ContentView.swift */ = {isa = PBXFileReference; lastKnownFileType = sourcecode.swift; path = ContentView.swift; sourceTree = "<group>"; };
		B5ADF1622DC79E6F00CEADED /* Info.plist */ = {isa = PBXFileReference; lastKnownFileType = text.plist.xml; path = Info.plist; sourceTree = "<group>"; };
		B5ADF1642DC79E6F00CEADED /* SwiftUIAnimationBootcamp.entitlements */ = {isa = PBXFileReference; lastKnownFileType = text.plist.entitlements; path = SwiftUIAnimationBootcamp.entitlements; sourceTree = "<group>"; };
		B5ADF1652DC79E6F00CEADED /* SwiftUIAnimationBootcampApp.swift */ = {isa = PBXFileReference; lastKnownFileType = sourcecode.swift; path = SwiftUIAnimationBootcampApp.swift; sourceTree = "<group>"; };
		B5ADF1762DC7A03200CEADED /* StarwarsAnimationView.swift */ = {isa = PBXFileReference; lastKnownFileType = sourcecode.swift; path = StarwarsAnimationView.swift; sourceTree = "<group>"; };
/* End PBXFileReference section */

/* Begin PBXFrameworksBuildPhase section */
		B5922CD22DBE4F6D00E3A360 /* Frameworks */ = {
			isa = PBXFrameworksBuildPhase;
			buildActionMask = 2147483647;
			files = (
			);
			runOnlyForDeploymentPostprocessing = 0;
		};
/* End PBXFrameworksBuildPhase section */

/* Begin PBXGroup section */
		B5922CCC2DBE4F6D00E3A360 = {
			isa = PBXGroup;
			children = (
				B5ADF1662DC79E6F00CEADED /* SwiftUIAnimationBootcamp */,
				B5922CD62DBE4F6D00E3A360 /* Products */,
			);
			sourceTree = "<group>";
		};
		B5922CD62DBE4F6D00E3A360 /* Products */ = {
			isa = PBXGroup;
			children = (
				B5922CD52DBE4F6D00E3A360 /* SwiftUIAnimationBootcamp.app */,
			);
			name = Products;
			sourceTree = "<group>";
		};
		B5ADF1522DC79E6F00CEADED /* Extensions */ = {
			isa = PBXGroup;
			children = (
				B5ADF1512DC79E6F00CEADED /* Font-Extension.swift */,
			);
			path = Extensions;
			sourceTree = "<group>";
		};
		B5ADF15B2DC79E6F00CEADED /* Fonts */ = {
			isa = PBXGroup;
			children = (
				B5ADF1532DC79E6F00CEADED /* SfDistantGalaxy-0l3d.ttf */,
				B5ADF1542DC79E6F00CEADED /* SfDistantGalaxyAlternate-OE4d.ttf */,
				B5ADF1552DC79E6F00CEADED /* SfDistantGalaxyAlternateItalic-3RDM.ttf */,
				B5ADF1562DC79E6F00CEADED /* SfDistantGalaxyAltoutline-e2Bp.ttf */,
				B5ADF1572DC79E6F00CEADED /* SfDistantGalaxyAltoutlineItalic-ZJDZ.ttf */,
				B5ADF1582DC79E6F00CEADED /* SfDistantGalaxyItalic-WV3Y.ttf */,
				B5ADF1592DC79E6F00CEADED /* SfDistantGalaxyOutline-xoeO.ttf */,
				B5ADF15A2DC79E6F00CEADED /* SfDistantGalaxyOutlineItalic-4yA4.ttf */,
			);
			path = Fonts;
			sourceTree = "<group>";
		};
		B5ADF15D2DC79E6F00CEADED /* Preview Content */ = {
			isa = PBXGroup;
			children = (
				B5ADF15C2DC79E6F00CEADED /* Preview Assets.xcassets */,
			);
			path = "Preview Content";
			sourceTree = "<group>";
		};
		B5ADF15F2DC79E6F00CEADED /* StarwarsAnimation */ = {
			isa = PBXGroup;
			children = (
				B5ADF1762DC7A03200CEADED /* StarwarsAnimationView.swift */,
			);
			path = StarwarsAnimation;
			sourceTree = "<group>";
		};
		B5ADF1662DC79E6F00CEADED /* SwiftUIAnimationBootcamp */ = {
			isa = PBXGroup;
			children = (
				B5ADF15F2DC79E6F00CEADED /* StarwarsAnimation */,
				B5ADF1522DC79E6F00CEADED /* Extensions */,
				B5ADF15B2DC79E6F00CEADED /* Fonts */,
				B5ADF15D2DC79E6F00CEADED /* Preview Content */,
				B5ADF1602DC79E6F00CEADED /* Assets.xcassets */,
				B5ADF1612DC79E6F00CEADED /* ContentView.swift */,
				B5ADF1622DC79E6F00CEADED /* Info.plist */,
				B5ADF1642DC79E6F00CEADED /* SwiftUIAnimationBootcamp.entitlements */,
				B5ADF1652DC79E6F00CEADED /* SwiftUIAnimationBootcampApp.swift */,
			);
			path = SwiftUIAnimationBootcamp;
			sourceTree = "<group>";
		};
/* End PBXGroup section */

/* Begin PBXNativeTarget section */
		B5922CD42DBE4F6D00E3A360 /* SwiftUIAnimationBootcamp */ = {
			isa = PBXNativeTarget;
			buildConfigurationList = B5922CE42DBE4F6E00E3A360 /* Build configuration list for PBXNativeTarget "SwiftUIAnimationBootcamp" */;
			buildPhases = (
				B5922CD12DBE4F6D00E3A360 /* Sources */,
				B5922CD22DBE4F6D00E3A360 /* Frameworks */,
				B5922CD32DBE4F6D00E3A360 /* Resources */,
			);
			buildRules = (
			);
			dependencies = (
			);
			name = SwiftUIAnimationBootcamp;
			packageProductDependencies = (
			);
			productName = SwiftUIAnimationBootcamp;
			productReference = B5922CD52DBE4F6D00E3A360 /* SwiftUIAnimationBootcamp.app */;
			productType = "com.apple.product-type.application";
		};
/* End PBXNativeTarget section */

/* Begin PBXProject section */
		B5922CCD2DBE4F6D00E3A360 /* Project object */ = {
			isa = PBXProject;
			attributes = {
				BuildIndependentTargetsInParallel = 1;
				LastSwiftUpdateCheck = 1600;
				LastUpgradeCheck = 1600;
				TargetAttributes = {
					B5922CD42DBE4F6D00E3A360 = {
						CreatedOnToolsVersion = 16.0;
					};
				};
			};
			buildConfigurationList = B5922CD02DBE4F6D00E3A360 /* Build configuration list for PBXProject "SwiftUIAnimationBootcamp" */;
			developmentRegion = en;
			hasScannedForEncodings = 0;
			knownRegions = (
				en,
				Base,
			);
			mainGroup = B5922CCC2DBE4F6D00E3A360;
			minimizedProjectReferenceProxies = 1;
			preferredProjectObjectVersion = 77;
			productRefGroup = B5922CD62DBE4F6D00E3A360 /* Products */;
			projectDirPath = "";
			projectRoot = "";
			targets = (
				B5922CD42DBE4F6D00E3A360 /* SwiftUIAnimationBootcamp */,
			);
		};
/* End PBXProject section */

/* Begin PBXResourcesBuildPhase section */
		B5922CD32DBE4F6D00E3A360 /* Resources */ = {
			isa = PBXResourcesBuildPhase;
			buildActionMask = 2147483647;
			files = (
				B5ADF1672DC79E6F00CEADED /* SfDistantGalaxy-0l3d.ttf in Resources */,
				B5ADF1682DC79E6F00CEADED /* SfDistantGalaxyAlternate-OE4d.ttf in Resources */,
				B5ADF1692DC79E6F00CEADED /* SfDistantGalaxyAlternateItalic-3RDM.ttf in Resources */,
				B5ADF16A2DC79E6F00CEADED /* SfDistantGalaxyAltoutline-e2Bp.ttf in Resources */,
				B5ADF16B2DC79E6F00CEADED /* SfDistantGalaxyAltoutlineItalic-ZJDZ.ttf in Resources */,
				B5ADF16C2DC79E6F00CEADED /* SfDistantGalaxyItalic-WV3Y.ttf in Resources */,
				B5ADF16D2DC79E6F00CEADED /* SfDistantGalaxyOutline-xoeO.ttf in Resources */,
				B5ADF16E2DC79E6F00CEADED /* SfDistantGalaxyOutlineItalic-4yA4.ttf in Resources */,
				B5ADF16F2DC79E6F00CEADED /* Preview Assets.xcassets in Resources */,
				B5ADF1702DC79E6F00CEADED /* Assets.xcassets in Resources */,
			);
			runOnlyForDeploymentPostprocessing = 0;
		};
/* End PBXResourcesBuildPhase section */

/* Begin PBXSourcesBuildPhase section */
		B5922CD12DBE4F6D00E3A360 /* Sources */ = {
			isa = PBXSourcesBuildPhase;
			buildActionMask = 2147483647;
			files = (
				B5ADF1772DC7A03200CEADED /* StarwarsAnimationView.swift in Sources */,
				B5ADF1722DC79E6F00CEADED /* Font-Extension.swift in Sources */,
				B5ADF1742DC79E6F00CEADED /* ContentView.swift in Sources */,
				B5ADF1752DC79E6F00CEADED /* SwiftUIAnimationBootcampApp.swift in Sources */,
			);
			runOnlyForDeploymentPostprocessing = 0;
		};
/* End PBXSourcesBuildPhase section */

/* Begin XCBuildConfiguration section */
		B5922CE22DBE4F6E00E3A360 /* Debug */ = {
			isa = XCBuildConfiguration;
			buildSettings = {
				ALWAYS_SEARCH_USER_PATHS = NO;
				ASSETCATALOG_COMPILER_GENERATE_SWIFT_ASSET_SYMBOL_EXTENSIONS = YES;
				CLANG_ANALYZER_NONNULL = YES;
				CLANG_ANALYZER_NUMBER_OBJECT_CONVERSION = YES_AGGRESSIVE;
				CLANG_CXX_LANGUAGE_STANDARD = "gnu++20";
				CLANG_ENABLE_MODULES = YES;
				CLANG_ENABLE_OBJC_ARC = YES;
				CLANG_ENABLE_OBJC_WEAK = YES;
				CLANG_WARN_BLOCK_CAPTURE_AUTORELEASING = YES;
				CLANG_WARN_BOOL_CONVERSION = YES;
				CLANG_WARN_COMMA = YES;
				CLANG_WARN_CONSTANT_CONVERSION = YES;
				CLANG_WARN_DEPRECATED_OBJC_IMPLEMENTATIONS = YES;
				CLANG_WARN_DIRECT_OBJC_ISA_USAGE = YES_ERROR;
				CLANG_WARN_DOCUMENTATION_COMMENTS = YES;
				CLANG_WARN_EMPTY_BODY = YES;
				CLANG_WARN_ENUM_CONVERSION = YES;
				CLANG_WARN_INFINITE_RECURSION = YES;
				CLANG_WARN_INT_CONVERSION = YES;
				CLANG_WARN_NON_LITERAL_NULL_CONVERSION = YES;
				CLANG_WARN_OBJC_IMPLICIT_RETAIN_SELF = YES;
				CLANG_WARN_OBJC_LITERAL_CONVERSION = YES;
				CLANG_WARN_OBJC_ROOT_CLASS = YES_ERROR;
				CLANG_WARN_QUOTED_INCLUDE_IN_FRAMEWORK_HEADER = YES;
				CLANG_WARN_RANGE_LOOP_ANALYSIS = YES;
				CLANG_WARN_STRICT_PROTOTYPES = YES;
				CLANG_WARN_SUSPICIOUS_MOVE = YES;
				CLANG_WARN_UNGUARDED_AVAILABILITY = YES_AGGRESSIVE;
				CLANG_WARN_UNREACHABLE_CODE = YES;
				CLANG_WARN__DUPLICATE_METHOD_MATCH = YES;
				COPY_PHASE_STRIP = NO;
				DEBUG_INFORMATION_FORMAT = dwarf;
				ENABLE_STRICT_OBJC_MSGSEND = YES;
				ENABLE_TESTABILITY = YES;
				ENABLE_USER_SCRIPT_SANDBOXING = YES;
				GCC_C_LANGUAGE_STANDARD = gnu17;
				GCC_DYNAMIC_NO_PIC = NO;
				GCC_NO_COMMON_BLOCKS = YES;
				GCC_OPTIMIZATION_LEVEL = 0;
				GCC_PREPROCESSOR_DEFINITIONS = (
					"DEBUG=1",
					"$(inherited)",
				);
				GCC_WARN_64_TO_32_BIT_CONVERSION = YES;
				GCC_WARN_ABOUT_RETURN_TYPE = YES_ERROR;
				GCC_WARN_UNDECLARED_SELECTOR = YES;
				GCC_WARN_UNINITIALIZED_AUTOS = YES_AGGRESSIVE;
				GCC_WARN_UNUSED_FUNCTION = YES;
				GCC_WARN_UNUSED_VARIABLE = YES;
				LOCALIZATION_PREFERS_STRING_CATALOGS = YES;
				MTL_ENABLE_DEBUG_INFO = INCLUDE_SOURCE;
				MTL_FAST_MATH = YES;
				ONLY_ACTIVE_ARCH = YES;
				SWIFT_ACTIVE_COMPILATION_CONDITIONS = "DEBUG $(inherited)";
				SWIFT_OPTIMIZATION_LEVEL = "-Onone";
			};
			name = Debug;
		};
		B5922CE32DBE4F6E00E3A360 /* Release */ = {
			isa = XCBuildConfiguration;
			buildSettings = {
				ALWAYS_SEARCH_USER_PATHS = NO;
				ASSETCATALOG_COMPILER_GENERATE_SWIFT_ASSET_SYMBOL_EXTENSIONS = YES;
				CLANG_ANALYZER_NONNULL = YES;
				CLANG_ANALYZER_NUMBER_OBJECT_CONVERSION = YES_AGGRESSIVE;
				CLANG_CXX_LANGUAGE_STANDARD = "gnu++20";
				CLANG_ENABLE_MODULES = YES;
				CLANG_ENABLE_OBJC_ARC = YES;
				CLANG_ENABLE_OBJC_WEAK = YES;
				CLANG_WARN_BLOCK_CAPTURE_AUTORELEASING = YES;
				CLANG_WARN_BOOL_CONVERSION = YES;
				CLANG_WARN_COMMA = YES;
				CLANG_WARN_CONSTANT_CONVERSION = YES;
				CLANG_WARN_DEPRECATED_OBJC_IMPLEMENTATIONS = YES;
				CLANG_WARN_DIRECT_OBJC_ISA_USAGE = YES_ERROR;
				CLANG_WARN_DOCUMENTATION_COMMENTS = YES;
				CLANG_WARN_EMPTY_BODY = YES;
				CLANG_WARN_ENUM_CONVERSION = YES;
				CLANG_WARN_INFINITE_RECURSION = YES;
				CLANG_WARN_INT_CONVERSION = YES;
				CLANG_WARN_NON_LITERAL_NULL_CONVERSION = YES;
				CLANG_WARN_OBJC_IMPLICIT_RETAIN_SELF = YES;
				CLANG_WARN_OBJC_LITERAL_CONVERSION = YES;
				CLANG_WARN_OBJC_ROOT_CLASS = YES_ERROR;
				CLANG_WARN_QUOTED_INCLUDE_IN_FRAMEWORK_HEADER = YES;
				CLANG_WARN_RANGE_LOOP_ANALYSIS = YES;
				CLANG_WARN_STRICT_PROTOTYPES = YES;
				CLANG_WARN_SUSPICIOUS_MOVE = YES;
				CLANG_WARN_UNGUARDED_AVAILABILITY = YES_AGGRESSIVE;
				CLANG_WARN_UNREACHABLE_CODE = YES;
				CLANG_WARN__DUPLICATE_METHOD_MATCH = YES;
				COPY_PHASE_STRIP = NO;
				DEBUG_INFORMATION_FORMAT = "dwarf-with-dsym";
				ENABLE_NS_ASSERTIONS = NO;
				ENABLE_STRICT_OBJC_MSGSEND = YES;
				ENABLE_USER_SCRIPT_SANDBOXING = YES;
				GCC_C_LANGUAGE_STANDARD = gnu17;
				GCC_NO_COMMON_BLOCKS = YES;
				GCC_WARN_64_TO_32_BIT_CONVERSION = YES;
				GCC_WARN_ABOUT_RETURN_TYPE = YES_ERROR;
				GCC_WARN_UNDECLARED_SELECTOR = YES;
				GCC_WARN_UNINITIALIZED_AUTOS = YES_AGGRESSIVE;
				GCC_WARN_UNUSED_FUNCTION = YES;
				GCC_WARN_UNUSED_VARIABLE = YES;
				LOCALIZATION_PREFERS_STRING_CATALOGS = YES;
				MTL_ENABLE_DEBUG_INFO = NO;
				MTL_FAST_MATH = YES;
				SWIFT_COMPILATION_MODE = wholemodule;
			};
			name = Release;
		};
		B5922CE52DBE4F6E00E3A360 /* Debug */ = {
			isa = XCBuildConfiguration;
			buildSettings = {
				ASSETCATALOG_COMPILER_APPICON_NAME = AppIcon;
				ASSETCATALOG_COMPILER_GLOBAL_ACCENT_COLOR_NAME = AccentColor;
				CODE_SIGN_ENTITLEMENTS = SwiftUIAnimationBootcamp/SwiftUIAnimationBootcamp.entitlements;
				CODE_SIGN_STYLE = Automatic;
				CURRENT_PROJECT_VERSION = 1;
				DEVELOPMENT_ASSET_PATHS = "\"SwiftUIAnimationBootcamp/Preview Content\"";
				ENABLE_PREVIEWS = YES;
				GENERATE_INFOPLIST_FILE = YES;
				INFOPLIST_FILE = SwiftUIAnimationBootcamp/Info.plist;
				"INFOPLIST_KEY_UIApplicationSceneManifest_Generation[sdk=iphoneos*]" = YES;
				"INFOPLIST_KEY_UIApplicationSceneManifest_Generation[sdk=iphonesimulator*]" = YES;
				"INFOPLIST_KEY_UIApplicationSupportsIndirectInputEvents[sdk=iphoneos*]" = YES;
				"INFOPLIST_KEY_UIApplicationSupportsIndirectInputEvents[sdk=iphonesimulator*]" = YES;
				"INFOPLIST_KEY_UILaunchScreen_Generation[sdk=iphoneos*]" = YES;
				"INFOPLIST_KEY_UILaunchScreen_Generation[sdk=iphonesimulator*]" = YES;
				"INFOPLIST_KEY_UIStatusBarStyle[sdk=iphoneos*]" = UIStatusBarStyleDefault;
				"INFOPLIST_KEY_UIStatusBarStyle[sdk=iphonesimulator*]" = UIStatusBarStyleDefault;
				INFOPLIST_KEY_UISupportedInterfaceOrientations_iPad = "UIInterfaceOrientationPortrait UIInterfaceOrientationPortraitUpsideDown UIInterfaceOrientationLandscapeLeft UIInterfaceOrientationLandscapeRight";
				INFOPLIST_KEY_UISupportedInterfaceOrientations_iPhone = "UIInterfaceOrientationPortrait UIInterfaceOrientationLandscapeLeft UIInterfaceOrientationLandscapeRight";
				IPHONEOS_DEPLOYMENT_TARGET = 18.0;
				LD_RUNPATH_SEARCH_PATHS = "@executable_path/Frameworks";
				"LD_RUNPATH_SEARCH_PATHS[sdk=macosx*]" = "@executable_path/../Frameworks";
				MACOSX_DEPLOYMENT_TARGET = 15.0;
				MARKETING_VERSION = 1.0;
				PRODUCT_BUNDLE_IDENTIFIER = com.ahmk.SwiftUIAnimationBootcamp;
				PRODUCT_NAME = "$(TARGET_NAME)";
				SDKROOT = auto;
				SUPPORTED_PLATFORMS = "iphoneos iphonesimulator";
				SUPPORTS_MACCATALYST = NO;
				SWIFT_EMIT_LOC_STRINGS = YES;
				SWIFT_VERSION = 5.0;
				TARGETED_DEVICE_FAMILY = 1;
				XROS_DEPLOYMENT_TARGET = 2.0;
			};
			name = Debug;
		};
		B5922CE62DBE4F6E00E3A360 /* Release */ = {
			isa = XCBuildConfiguration;
			buildSettings = {
				ASSETCATALOG_COMPILER_APPICON_NAME = AppIcon;
				ASSETCATALOG_COMPILER_GLOBAL_ACCENT_COLOR_NAME = AccentColor;
				CODE_SIGN_ENTITLEMENTS = SwiftUIAnimationBootcamp/SwiftUIAnimationBootcamp.entitlements;
				CODE_SIGN_STYLE = Automatic;
				CURRENT_PROJECT_VERSION = 1;
				DEVELOPMENT_ASSET_PATHS = "\"SwiftUIAnimationBootcamp/Preview Content\"";
				ENABLE_PREVIEWS = YES;
				GENERATE_INFOPLIST_FILE = YES;
				INFOPLIST_FILE = SwiftUIAnimationBootcamp/Info.plist;
				"INFOPLIST_KEY_UIApplicationSceneManifest_Generation[sdk=iphoneos*]" = YES;
				"INFOPLIST_KEY_UIApplicationSceneManifest_Generation[sdk=iphonesimulator*]" = YES;
				"INFOPLIST_KEY_UIApplicationSupportsIndirectInputEvents[sdk=iphoneos*]" = YES;
				"INFOPLIST_KEY_UIApplicationSupportsIndirectInputEvents[sdk=iphonesimulator*]" = YES;
				"INFOPLIST_KEY_UILaunchScreen_Generation[sdk=iphoneos*]" = YES;
				"INFOPLIST_KEY_UILaunchScreen_Generation[sdk=iphonesimulator*]" = YES;
				"INFOPLIST_KEY_UIStatusBarStyle[sdk=iphoneos*]" = UIStatusBarStyleDefault;
				"INFOPLIST_KEY_UIStatusBarStyle[sdk=iphonesimulator*]" = UIStatusBarStyleDefault;
				INFOPLIST_KEY_UISupportedInterfaceOrientations_iPad = "UIInterfaceOrientationPortrait UIInterfaceOrientationPortraitUpsideDown UIInterfaceOrientationLandscapeLeft UIInterfaceOrientationLandscapeRight";
				INFOPLIST_KEY_UISupportedInterfaceOrientations_iPhone = "UIInterfaceOrientationPortrait UIInterfaceOrientationLandscapeLeft UIInterfaceOrientationLandscapeRight";
				IPHONEOS_DEPLOYMENT_TARGET = 18.0;
				LD_RUNPATH_SEARCH_PATHS = "@executable_path/Frameworks";
				"LD_RUNPATH_SEARCH_PATHS[sdk=macosx*]" = "@executable_path/../Frameworks";
				MACOSX_DEPLOYMENT_TARGET = 15.0;
				MARKETING_VERSION = 1.0;
				PRODUCT_BUNDLE_IDENTIFIER = com.ahmk.SwiftUIAnimationBootcamp;
				PRODUCT_NAME = "$(TARGET_NAME)";
				SDKROOT = auto;
				SUPPORTED_PLATFORMS = "iphoneos iphonesimulator";
				SUPPORTS_MACCATALYST = NO;
				SWIFT_EMIT_LOC_STRINGS = YES;
				SWIFT_VERSION = 5.0;
				TARGETED_DEVICE_FAMILY = 1;
				XROS_DEPLOYMENT_TARGET = 2.0;
			};
			name = Release;
		};
/* End XCBuildConfiguration section */

/* Begin XCConfigurationList section */
		B5922CD02DBE4F6D00E3A360 /* Build configuration list for PBXProject "SwiftUIAnimationBootcamp" */ = {
			isa = XCConfigurationList;
			buildConfigurations = (
				B5922CE22DBE4F6E00E3A360 /* Debug */,
				B5922CE32DBE4F6E00E3A360 /* Release */,
			);
			defaultConfigurationIsVisible = 0;
			defaultConfigurationName = Release;
		};
		B5922CE42DBE4F6E00E3A360 /* Build configuration list for PBXNativeTarget "SwiftUIAnimationBootcamp" */ = {
			isa = XCConfigurationList;
			buildConfigurations = (
				B5922CE52DBE4F6E00E3A360 /* Debug */,
				B5922CE62DBE4F6E00E3A360 /* Release */,
			);
			defaultConfigurationIsVisible = 0;
			defaultConfigurationName = Release;
		};
/* End XCConfigurationList section */
	};
	rootObject = B5922CCD2DBE4F6D00E3A360 /* Project object */;
}
